
Microsoft Visual Studio Solution File, Format Version 12.00
# Visual Studio Version 17
VisualStudioVersion = 17.0.32112.339
MinimumVisualStudioVersion = 10.0.40219.1
Project("{FAE04EC0-301F-11D3-BF4B-00C04F79EFBC}") = "AutorizationE1Page_Tests", "AutorizationE1Page_Tests\AutorizationE1Page_Tests.csproj", "{9F4137CB-027D-4BF8-B1B2-688035E52615}"
EndProject
Global
	GlobalSection(SolutionConfigurationPlatforms) = preSolution
		Debug|Any CPU = Debug|Any CPU
		Release|Any CPU = Release|Any CPU
	EndGlobalSection
	GlobalSection(ProjectConfigurationPlatforms) = postSolution
		{9F4137CB-027D-4BF8-B1B2-688035E52615}.Debug|Any CPU.ActiveCfg = Debug|Any CPU
		{9F4137CB-027D-4BF8-B1B2-688035E52615}.Debug|Any CPU.Build.0 = Debug|Any CPU
		{9F4137CB-027D-4BF8-B1B2-688035E52615}.Release|Any CPU.ActiveCfg = Release|Any CPU
		{9F4137CB-027D-4BF8-B1B2-688035E52615}.Release|Any CPU.Build.0 = Release|Any CPU
	EndGlobalSection
	GlobalSection(SolutionProperties) = preSolution
		HideSolutionNode = FALSE
	EndGlobalSection
	GlobalSection(ExtensibilityGlobals) = postSolution
		SolutionGuid = {698302F5-9A64-4F92-AC7D-4C49344FCB78}
	EndGlobalSection
EndGlobal
